
Microsoft Visual Studio Solution File, Format Version 12.00
# Visual Studio Version 17
VisualStudioVersion = 17.11.35312.102
MinimumVisualStudioVersion = 10.0.40219.1
Project("{FAE04EC0-301F-11D3-BF4B-00C04F79EFBC}") = "BCA-RTF-to-PDF", "BCA-RTF-to-PDF.csproj", "{CC69864A-70D1-4E1C-ACDB-EB8281564061}"
EndProject
Global
	GlobalSection(SolutionConfigurationPlatforms) = preSolution
		Debug|Any CPU = Debug|Any CPU
		Release|Any CPU = Release|Any CPU
	EndGlobalSection
	GlobalSection(ProjectConfigurationPlatforms) = postSolution
		{CC69864A-70D1-4E1C-ACDB-EB8281564061}.Debug|Any CPU.ActiveCfg = Debug|Any CPU
		{CC69864A-70D1-4E1C-ACDB-EB8281564061}.Debug|Any CPU.Build.0 = Debug|Any CPU
		{CC69864A-70D1-4E1C-ACDB-EB8281564061}.Release|Any CPU.ActiveCfg = Release|Any CPU
		{CC69864A-70D1-4E1C-ACDB-EB8281564061}.Release|Any CPU.Build.0 = Release|Any CPU
	EndGlobalSection
	GlobalSection(SolutionProperties) = preSolution
		HideSolutionNode = FALSE
	EndGlobalSection
	GlobalSection(ExtensibilityGlobals) = postSolution
		SolutionGuid = {5359AED4-400F-490A-A18C-7DE20DC30F52}
	EndGlobalSection
EndGlobal
